github.com/slayerjk/go-pideaapi v0.0.0-20250701103325-a2a740a2feb8 h1:MFT/600ioByyiZnRUgFcZVJYeVzyGt5nKj6xBzvO7r8=
github.com/slayerjk/go-pideaapi v0.0.0-20250701103325-a2a740a2feb8/go.mod h1:CDCEFQAh8h3nPPzLvEGAaaeKz2yS2oxwpQFrEcXrnaQ=
github.com/slayerjk/go-vafswork v0.0.3 h1:NwDOxw+r1a4qdWyK/xRMGbdlEkzLQi8TY8sbWcIgfPQ=
github.com/slayerjk/go-vafswork v0.0.3/go.mod h1:NFJ2K1JzbpawOZXnNtmBWAVA2Zp5f+MsfO0z/kUopUE=
github.com/slayerjk/go-vawebwork v0.0.1 h1:coHdmiKqPkV6RVimGGVVObTt/lVeHP9n4hQ9sOTadvA=
github.com/slayerjk/go-vawebwork v0.0.1/go.mod h1:NrkzKq/IMyQEUKnIbOWswifwbv2ciT2Cicb4uZT4jj8=
golang.org/x/sys v0.33.0 h1:q3i8TbbEz+JRD9ywIRlyRAQbM0qF7hu24q3teo2hbuw=
golang.org/x/sys v0.33.0/go.mod h1:BJP2sWEmIv4KK5OTEluFJCKSidICx8ciO85XgH3Ak8k=
golang.org/x/term v0.32.0 h1:DR4lr0TjUs3epypdhTOkMmuF5CDFJ/8pOnbzMZPQ7bg=
golang.org/x/term v0.32.0/go.mod h1:uZG1FhGx848Sqfsq4/DlJr3xGGsYMu/L5GW4abiaEPQ=
