github.com/slayerjk/go-vafswork v0.0.3 h1:NwDOxw+r1a4qdWyK/xRMGbdlEkzLQi8TY8sbWcIgfPQ=
github.com/slayerjk/go-vafswork v0.0.3/go.mod h1:NFJ2K1JzbpawOZXnNtmBWAVA2Zp5f+MsfO0z/kUopUE=
github.com/slayerjk/go-vafswork v1.0.0 h1:aZdL/GSP/+qPOk0uCogjlo3jdMjMqc+dMH3L15Jmifw=
github.com/slayerjk/go-vafswork v1.0.0/go.mod h1:NFJ2K1JzbpawOZXnNtmBWAVA2Zp5f+MsfO0z/kUopUE=
